
Microsoft Visual Studio Solution File, Format Version 12.00
Project("{FAE04EC0-301F-11D3-BF4B-00C04F79EFBC}") = "task1", "task1\task1.csproj", "{B85CE5F2-7E68-4FDF-AB3E-D2430CF40422}"
EndProject
Project("{FAE04EC0-301F-11D3-BF4B-00C04F79EFBC}") = "task2", "task2\task2.csproj", "{4786B7AC-FA22-4AA7-904E-ED4AEF79B1A1}"
EndProject
Project("{FAE04EC0-301F-11D3-BF4B-00C04F79EFBC}") = "task15", "task15\task15.csproj", "{E0397881-1960-4EEA-8562-A1E0E2B0A431}"
EndProject
Project("{FAE04EC0-301F-11D3-BF4B-00C04F79EFBC}") = "task18", "task18\task18.csproj", "{4E95248C-045F-4F75-92B2-76539C4AA585}"
EndProject
Project("{FAE04EC0-301F-11D3-BF4B-00C04F79EFBC}") = "task11", "task11\task11.csproj", "{B97DE571-48A0-4833-9F52-028821F18BE8}"
EndProject
Project("{FAE04EC0-301F-11D3-BF4B-00C04F79EFBC}") = "task22", "task22\task22.csproj", "{704366A0-79A3-4E40-A26B-6A85DA8D466D}"
EndProject
Project("{FAE04EC0-301F-11D3-BF4B-00C04F79EFBC}") = "task23", "task23\task23.csproj", "{B33E73B7-D8DD-4E4E-9877-8F8634521DE6}"
EndProject
Project("{FAE04EC0-301F-11D3-BF4B-00C04F79EFBC}") = "task25", "task25\task25.csproj", "{9A0F1F9A-59EC-440A-AC55-0D66EE585D9C}"
EndProject
Project("{FAE04EC0-301F-11D3-BF4B-00C04F79EFBC}") = "task16", "task16\task16.csproj", "{99AA23FC-7892-4540-A09D-36922043F7CA}"
EndProject
Project("{FAE04EC0-301F-11D3-BF4B-00C04F79EFBC}") = "task3", "task3\task3.csproj", "{FFF5FB21-BB45-4391-AEDE-0614EC1C6E53}"
EndProject
Project("{FAE04EC0-301F-11D3-BF4B-00C04F79EFBC}") = "task17", "task17\task17.csproj", "{E7B3E8D0-F6F7-412E-9F9C-49E018CFFF35}"
EndProject
Project("{FAE04EC0-301F-11D3-BF4B-00C04F79EFBC}") = "task19", "task19\task19.csproj", "{90788026-D1C1-446D-A160-451C45C1AAE9}"
EndProject
Project("{FAE04EC0-301F-11D3-BF4B-00C04F79EFBC}") = "task4", "task4\task4.csproj", "{066DCF42-6A53-4ADB-A022-778CD40C76E6}"
EndProject
Project("{FAE04EC0-301F-11D3-BF4B-00C04F79EFBC}") = "task5", "task5\task5.csproj", "{E95B37BE-F961-43B9-9DAB-E1F4B7040787}"
EndProject
Project("{FAE04EC0-301F-11D3-BF4B-00C04F79EFBC}") = "task20", "task20\task20.csproj", "{724AB4A9-37E2-4D65-B3A9-4A1FF8FB0161}"
EndProject
Project("{FAE04EC0-301F-11D3-BF4B-00C04F79EFBC}") = "task21", "task21\task21.csproj", "{4F868962-6DE0-417B-970C-F0C0FDAC75DD}"
EndProject
Project("{FAE04EC0-301F-11D3-BF4B-00C04F79EFBC}") = "task14", "task14\task14.csproj", "{09077674-3D11-47FE-9CFF-010724557193}"
EndProject
Project("{FAE04EC0-301F-11D3-BF4B-00C04F79EFBC}") = "task24", "task24\task24.csproj", "{9137FFFD-0239-485F-9F61-862A5DBD314F}"
EndProject
Project("{FAE04EC0-301F-11D3-BF4B-00C04F79EFBC}") = "task6", "task6\task6.csproj", "{8A04A7C2-D747-42D1-9513-E67B6F542D7C}"
EndProject
Project("{FAE04EC0-301F-11D3-BF4B-00C04F79EFBC}") = "task13", "task13\task13.csproj", "{97CE96C4-A361-4AB2-A14F-A29B54188A29}"
EndProject
Project("{FAE04EC0-301F-11D3-BF4B-00C04F79EFBC}") = "task10", "task10\task10.csproj", "{C01C46A7-1039-4B40-8288-4DECAA84CC02}"
EndProject
Project("{FAE04EC0-301F-11D3-BF4B-00C04F79EFBC}") = "task9", "task9\task9.csproj", "{C4E37E6E-9B8C-481F-B5AC-BDDB53AFD18C}"
EndProject
Project("{FAE04EC0-301F-11D3-BF4B-00C04F79EFBC}") = "task12", "task12\task12.csproj", "{7DD565B6-93C0-453D-83E4-93BB3A473808}"
EndProject
Project("{FAE04EC0-301F-11D3-BF4B-00C04F79EFBC}") = "task7", "task7\task7.csproj", "{1F2FE561-D62A-48A2-A322-7DCF918D4B68}"
EndProject
Project("{FAE04EC0-301F-11D3-BF4B-00C04F79EFBC}") = "task8", "task8\task8.csproj", "{399DC18B-F88D-4A3C-B64C-880A393655FB}"
EndProject
Global
	GlobalSection(SolutionConfigurationPlatforms) = preSolution
		Debug|Any CPU = Debug|Any CPU
		Release|Any CPU = Release|Any CPU
	EndGlobalSection
	GlobalSection(ProjectConfigurationPlatforms) = postSolution
		{B85CE5F2-7E68-4FDF-AB3E-D2430CF40422}.Debug|Any CPU.ActiveCfg = Debug|Any CPU
		{B85CE5F2-7E68-4FDF-AB3E-D2430CF40422}.Debug|Any CPU.Build.0 = Debug|Any CPU
		{B85CE5F2-7E68-4FDF-AB3E-D2430CF40422}.Release|Any CPU.ActiveCfg = Release|Any CPU
		{B85CE5F2-7E68-4FDF-AB3E-D2430CF40422}.Release|Any CPU.Build.0 = Release|Any CPU
		{4786B7AC-FA22-4AA7-904E-ED4AEF79B1A1}.Debug|Any CPU.ActiveCfg = Debug|Any CPU
		{4786B7AC-FA22-4AA7-904E-ED4AEF79B1A1}.Debug|Any CPU.Build.0 = Debug|Any CPU
		{4786B7AC-FA22-4AA7-904E-ED4AEF79B1A1}.Release|Any CPU.ActiveCfg = Release|Any CPU
		{4786B7AC-FA22-4AA7-904E-ED4AEF79B1A1}.Release|Any CPU.Build.0 = Release|Any CPU
		{E0397881-1960-4EEA-8562-A1E0E2B0A431}.Debug|Any CPU.ActiveCfg = Debug|Any CPU
		{E0397881-1960-4EEA-8562-A1E0E2B0A431}.Debug|Any CPU.Build.0 = Debug|Any CPU
		{E0397881-1960-4EEA-8562-A1E0E2B0A431}.Release|Any CPU.ActiveCfg = Release|Any CPU
		{E0397881-1960-4EEA-8562-A1E0E2B0A431}.Release|Any CPU.Build.0 = Release|Any CPU
		{4E95248C-045F-4F75-92B2-76539C4AA585}.Debug|Any CPU.ActiveCfg = Debug|Any CPU
		{4E95248C-045F-4F75-92B2-76539C4AA585}.Debug|Any CPU.Build.0 = Debug|Any CPU
		{4E95248C-045F-4F75-92B2-76539C4AA585}.Release|Any CPU.ActiveCfg = Release|Any CPU
		{4E95248C-045F-4F75-92B2-76539C4AA585}.Release|Any CPU.Build.0 = Release|Any CPU
		{B97DE571-48A0-4833-9F52-028821F18BE8}.Debug|Any CPU.ActiveCfg = Debug|Any CPU
		{B97DE571-48A0-4833-9F52-028821F18BE8}.Debug|Any CPU.Build.0 = Debug|Any CPU
		{B97DE571-48A0-4833-9F52-028821F18BE8}.Release|Any CPU.ActiveCfg = Release|Any CPU
		{B97DE571-48A0-4833-9F52-028821F18BE8}.Release|Any CPU.Build.0 = Release|Any CPU
		{704366A0-79A3-4E40-A26B-6A85DA8D466D}.Debug|Any CPU.ActiveCfg = Debug|Any CPU
		{704366A0-79A3-4E40-A26B-6A85DA8D466D}.Debug|Any CPU.Build.0 = Debug|Any CPU
		{704366A0-79A3-4E40-A26B-6A85DA8D466D}.Release|Any CPU.ActiveCfg = Release|Any CPU
		{704366A0-79A3-4E40-A26B-6A85DA8D466D}.Release|Any CPU.Build.0 = Release|Any CPU
		{B33E73B7-D8DD-4E4E-9877-8F8634521DE6}.Debug|Any CPU.ActiveCfg = Debug|Any CPU
		{B33E73B7-D8DD-4E4E-9877-8F8634521DE6}.Debug|Any CPU.Build.0 = Debug|Any CPU
		{B33E73B7-D8DD-4E4E-9877-8F8634521DE6}.Release|Any CPU.ActiveCfg = Release|Any CPU
		{B33E73B7-D8DD-4E4E-9877-8F8634521DE6}.Release|Any CPU.Build.0 = Release|Any CPU
		{9A0F1F9A-59EC-440A-AC55-0D66EE585D9C}.Debug|Any CPU.ActiveCfg = Debug|Any CPU
		{9A0F1F9A-59EC-440A-AC55-0D66EE585D9C}.Debug|Any CPU.Build.0 = Debug|Any CPU
		{9A0F1F9A-59EC-440A-AC55-0D66EE585D9C}.Release|Any CPU.ActiveCfg = Release|Any CPU
		{9A0F1F9A-59EC-440A-AC55-0D66EE585D9C}.Release|Any CPU.Build.0 = Release|Any CPU
		{99AA23FC-7892-4540-A09D-36922043F7CA}.Debug|Any CPU.ActiveCfg = Debug|Any CPU
		{99AA23FC-7892-4540-A09D-36922043F7CA}.Debug|Any CPU.Build.0 = Debug|Any CPU
		{99AA23FC-7892-4540-A09D-36922043F7CA}.Release|Any CPU.ActiveCfg = Release|Any CPU
		{99AA23FC-7892-4540-A09D-36922043F7CA}.Release|Any CPU.Build.0 = Release|Any CPU
		{FFF5FB21-BB45-4391-AEDE-0614EC1C6E53}.Debug|Any CPU.ActiveCfg = Debug|Any CPU
		{FFF5FB21-BB45-4391-AEDE-0614EC1C6E53}.Debug|Any CPU.Build.0 = Debug|Any CPU
		{FFF5FB21-BB45-4391-AEDE-0614EC1C6E53}.Release|Any CPU.ActiveCfg = Release|Any CPU
		{FFF5FB21-BB45-4391-AEDE-0614EC1C6E53}.Release|Any CPU.Build.0 = Release|Any CPU
		{E7B3E8D0-F6F7-412E-9F9C-49E018CFFF35}.Debug|Any CPU.ActiveCfg = Debug|Any CPU
		{E7B3E8D0-F6F7-412E-9F9C-49E018CFFF35}.Debug|Any CPU.Build.0 = Debug|Any CPU
		{E7B3E8D0-F6F7-412E-9F9C-49E018CFFF35}.Release|Any CPU.ActiveCfg = Release|Any CPU
		{E7B3E8D0-F6F7-412E-9F9C-49E018CFFF35}.Release|Any CPU.Build.0 = Release|Any CPU
		{90788026-D1C1-446D-A160-451C45C1AAE9}.Debug|Any CPU.ActiveCfg = Debug|Any CPU
		{90788026-D1C1-446D-A160-451C45C1AAE9}.Debug|Any CPU.Build.0 = Debug|Any CPU
		{90788026-D1C1-446D-A160-451C45C1AAE9}.Release|Any CPU.ActiveCfg = Release|Any CPU
		{90788026-D1C1-446D-A160-451C45C1AAE9}.Release|Any CPU.Build.0 = Release|Any CPU
		{066DCF42-6A53-4ADB-A022-778CD40C76E6}.Debug|Any CPU.ActiveCfg = Debug|Any CPU
		{066DCF42-6A53-4ADB-A022-778CD40C76E6}.Debug|Any CPU.Build.0 = Debug|Any CPU
		{066DCF42-6A53-4ADB-A022-778CD40C76E6}.Release|Any CPU.ActiveCfg = Release|Any CPU
		{066DCF42-6A53-4ADB-A022-778CD40C76E6}.Release|Any CPU.Build.0 = Release|Any CPU
		{E95B37BE-F961-43B9-9DAB-E1F4B7040787}.Debug|Any CPU.ActiveCfg = Debug|Any CPU
		{E95B37BE-F961-43B9-9DAB-E1F4B7040787}.Debug|Any CPU.Build.0 = Debug|Any CPU
		{E95B37BE-F961-43B9-9DAB-E1F4B7040787}.Release|Any CPU.ActiveCfg = Release|Any CPU
		{E95B37BE-F961-43B9-9DAB-E1F4B7040787}.Release|Any CPU.Build.0 = Release|Any CPU
		{724AB4A9-37E2-4D65-B3A9-4A1FF8FB0161}.Debug|Any CPU.ActiveCfg = Debug|Any CPU
		{724AB4A9-37E2-4D65-B3A9-4A1FF8FB0161}.Debug|Any CPU.Build.0 = Debug|Any CPU
		{724AB4A9-37E2-4D65-B3A9-4A1FF8FB0161}.Release|Any CPU.ActiveCfg = Release|Any CPU
		{724AB4A9-37E2-4D65-B3A9-4A1FF8FB0161}.Release|Any CPU.Build.0 = Release|Any CPU
		{4F868962-6DE0-417B-970C-F0C0FDAC75DD}.Debug|Any CPU.ActiveCfg = Debug|Any CPU
		{4F868962-6DE0-417B-970C-F0C0FDAC75DD}.Debug|Any CPU.Build.0 = Debug|Any CPU
		{4F868962-6DE0-417B-970C-F0C0FDAC75DD}.Release|Any CPU.ActiveCfg = Release|Any CPU
		{4F868962-6DE0-417B-970C-F0C0FDAC75DD}.Release|Any CPU.Build.0 = Release|Any CPU
		{09077674-3D11-47FE-9CFF-010724557193}.Debug|Any CPU.ActiveCfg = Debug|Any CPU
		{09077674-3D11-47FE-9CFF-010724557193}.Debug|Any CPU.Build.0 = Debug|Any CPU
		{09077674-3D11-47FE-9CFF-010724557193}.Release|Any CPU.ActiveCfg = Release|Any CPU
		{09077674-3D11-47FE-9CFF-010724557193}.Release|Any CPU.Build.0 = Release|Any CPU
		{9137FFFD-0239-485F-9F61-862A5DBD314F}.Debug|Any CPU.ActiveCfg = Debug|Any CPU
		{9137FFFD-0239-485F-9F61-862A5DBD314F}.Debug|Any CPU.Build.0 = Debug|Any CPU
		{9137FFFD-0239-485F-9F61-862A5DBD314F}.Release|Any CPU.ActiveCfg = Release|Any CPU
		{9137FFFD-0239-485F-9F61-862A5DBD314F}.Release|Any CPU.Build.0 = Release|Any CPU
		{8A04A7C2-D747-42D1-9513-E67B6F542D7C}.Debug|Any CPU.ActiveCfg = Debug|Any CPU
		{8A04A7C2-D747-42D1-9513-E67B6F542D7C}.Debug|Any CPU.Build.0 = Debug|Any CPU
		{8A04A7C2-D747-42D1-9513-E67B6F542D7C}.Release|Any CPU.ActiveCfg = Release|Any CPU
		{8A04A7C2-D747-42D1-9513-E67B6F542D7C}.Release|Any CPU.Build.0 = Release|Any CPU
		{97CE96C4-A361-4AB2-A14F-A29B54188A29}.Debug|Any CPU.ActiveCfg = Debug|Any CPU
		{97CE96C4-A361-4AB2-A14F-A29B54188A29}.Debug|Any CPU.Build.0 = Debug|Any CPU
		{97CE96C4-A361-4AB2-A14F-A29B54188A29}.Release|Any CPU.ActiveCfg = Release|Any CPU
		{97CE96C4-A361-4AB2-A14F-A29B54188A29}.Release|Any CPU.Build.0 = Release|Any CPU
		{C01C46A7-1039-4B40-8288-4DECAA84CC02}.Debug|Any CPU.ActiveCfg = Debug|Any CPU
		{C01C46A7-1039-4B40-8288-4DECAA84CC02}.Debug|Any CPU.Build.0 = Debug|Any CPU
		{C01C46A7-1039-4B40-8288-4DECAA84CC02}.Release|Any CPU.ActiveCfg = Release|Any CPU
		{C01C46A7-1039-4B40-8288-4DECAA84CC02}.Release|Any CPU.Build.0 = Release|Any CPU
		{C4E37E6E-9B8C-481F-B5AC-BDDB53AFD18C}.Debug|Any CPU.ActiveCfg = Debug|Any CPU
		{C4E37E6E-9B8C-481F-B5AC-BDDB53AFD18C}.Debug|Any CPU.Build.0 = Debug|Any CPU
		{C4E37E6E-9B8C-481F-B5AC-BDDB53AFD18C}.Release|Any CPU.ActiveCfg = Release|Any CPU
		{C4E37E6E-9B8C-481F-B5AC-BDDB53AFD18C}.Release|Any CPU.Build.0 = Release|Any CPU
		{7DD565B6-93C0-453D-83E4-93BB3A473808}.Debug|Any CPU.ActiveCfg = Debug|Any CPU
		{7DD565B6-93C0-453D-83E4-93BB3A473808}.Debug|Any CPU.Build.0 = Debug|Any CPU
		{7DD565B6-93C0-453D-83E4-93BB3A473808}.Release|Any CPU.ActiveCfg = Release|Any CPU
		{7DD565B6-93C0-453D-83E4-93BB3A473808}.Release|Any CPU.Build.0 = Release|Any CPU
		{1F2FE561-D62A-48A2-A322-7DCF918D4B68}.Debug|Any CPU.ActiveCfg = Debug|Any CPU
		{1F2FE561-D62A-48A2-A322-7DCF918D4B68}.Debug|Any CPU.Build.0 = Debug|Any CPU
		{1F2FE561-D62A-48A2-A322-7DCF918D4B68}.Release|Any CPU.ActiveCfg = Release|Any CPU
		{1F2FE561-D62A-48A2-A322-7DCF918D4B68}.Release|Any CPU.Build.0 = Release|Any CPU
		{399DC18B-F88D-4A3C-B64C-880A393655FB}.Debug|Any CPU.ActiveCfg = Debug|Any CPU
		{399DC18B-F88D-4A3C-B64C-880A393655FB}.Debug|Any CPU.Build.0 = Debug|Any CPU
		{399DC18B-F88D-4A3C-B64C-880A393655FB}.Release|Any CPU.ActiveCfg = Release|Any CPU
		{399DC18B-F88D-4A3C-B64C-880A393655FB}.Release|Any CPU.Build.0 = Release|Any CPU
	EndGlobalSection
EndGlobal
